
Microsoft Visual Studio Solution File, Format Version 12.00
# Visual Studio 14
VisualStudioVersion = 14.0.24720.0
MinimumVisualStudioVersion = 10.0.40219.1
Project("{FAE04EC0-301F-11D3-BF4B-00C04F79EFBC}") = "MicroEdge.Igam.Business", "MicroEdge.Igam.Business\MicroEdge.Igam.Business.csproj", "{31EA6A06-82A2-4E57-BAD3-263B88F4E047}"
EndProject
Project("{FAE04EC0-301F-11D3-BF4B-00C04F79EFBC}") = "MicroEdge.Grantmaker", "MicroEdge.Grantmaker\MicroEdge.Grantmaker.csproj", "{C3A3973C-7820-4A82-BAF2-C46DF5D1C187}"
EndProject
Project("{FAE04EC0-301F-11D3-BF4B-00C04F79EFBC}") = "MicroEdge.Grantmaker.Business", "MicroEdge.Grantmaker.Business\MicroEdge.Grantmaker.Business.csproj", "{7E4C1094-B458-43C7-8D35-C9A40A99EEB4}"
EndProject
Project("{FAE04EC0-301F-11D3-BF4B-00C04F79EFBC}") = "MicroEdge.Igam.Dal", "MicroEdge.Igam.Dal\MicroEdge.Igam.Dal.csproj", "{7377C7B8-D301-473A-9BD4-2E2B24202149}"
EndProject
Project("{FAE04EC0-301F-11D3-BF4B-00C04F79EFBC}") = "Test.Igam.Business", "Test.Igam.Business\Test.Igam.Business.csproj", "{470A3FC7-81F5-4DBF-9D6F-2356C522FB25}"
EndProject
Project("{FAE04EC0-301F-11D3-BF4B-00C04F79EFBC}") = "Test.Grantmaker.Business", "Test.Grantmaker.Business\Test.Grantmaker.Business.csproj", "{A344469F-7A3D-49EC-A013-41AE228B82B1}"
EndProject
Project("{FAE04EC0-301F-11D3-BF4B-00C04F79EFBC}") = "Test.Grantmaker", "Test.Grantmaker\Test.Grantmaker.csproj", "{A7142AB4-61F5-4268-93CE-D3845133341F}"
EndProject
Project("{FAE04EC0-301F-11D3-BF4B-00C04F79EFBC}") = "Test.Igam.Common", "Test.Igam.Common\Test.Igam.Common.csproj", "{F507BD96-9901-4B81-BEE7-84438D2E429D}"
EndProject
Project("{FAE04EC0-301F-11D3-BF4B-00C04F79EFBC}") = "MicroEdge.Igam.Data", "MicroEdge.Igam.Data\MicroEdge.Igam.Data.csproj", "{2068EBDD-79D6-49B4-9BDA-BF9A1F378627}"
EndProject
Project("{FAE04EC0-301F-11D3-BF4B-00C04F79EFBC}") = "MicroEdge.Igam.Tools", "MicroEdge.Igam.Tools\MicroEdge.Igam.Tools.csproj", "{B9046B74-A6C9-4DC2-870B-E62B2ED4ECD8}"
EndProject
Global
	GlobalSection(SolutionConfigurationPlatforms) = preSolution
		Debug - Classic Gifts|Any CPU = Debug - Classic Gifts|Any CPU
		Debug - Classic Gifts|x64 = Debug - Classic Gifts|x64
		Debug - Classic Gifts|x86 = Debug - Classic Gifts|x86
		Debug (GO Service)|Any CPU = Debug (GO Service)|Any CPU
		Debug (GO Service)|x64 = Debug (GO Service)|x64
		Debug (GO Service)|x86 = Debug (GO Service)|x86
		Debug (GO)|Any CPU = Debug (GO)|Any CPU
		Debug (GO)|x64 = Debug (GO)|x64
		Debug (GO)|x86 = Debug (GO)|x86
		Debug|Any CPU = Debug|Any CPU
		Debug|x64 = Debug|x64
		Debug|x86 = Debug|x86
		Release - Classic Gifts|Any CPU = Release - Classic Gifts|Any CPU
		Release - Classic Gifts|x64 = Release - Classic Gifts|x64
		Release - Classic Gifts|x86 = Release - Classic Gifts|x86
		Release (GO)|Any CPU = Release (GO)|Any CPU
		Release (GO)|x64 = Release (GO)|x64
		Release (GO)|x86 = Release (GO)|x86
		Release|Any CPU = Release|Any CPU
		Release|x64 = Release|x64
		Release|x86 = Release|x86
		Trace|Any CPU = Trace|Any CPU
		Trace|x64 = Trace|x64
		Trace|x86 = Trace|x86
	EndGlobalSection
	GlobalSection(ProjectConfigurationPlatforms) = postSolution
		{31EA6A06-82A2-4E57-BAD3-263B88F4E047}.Debug - Classic Gifts|Any CPU.ActiveCfg = Debug|Any CPU
		{31EA6A06-82A2-4E57-BAD3-263B88F4E047}.Debug - Classic Gifts|Any CPU.Build.0 = Debug|Any CPU
		{31EA6A06-82A2-4E57-BAD3-263B88F4E047}.Debug - Classic Gifts|x64.ActiveCfg = Debug|Any CPU
		{31EA6A06-82A2-4E57-BAD3-263B88F4E047}.Debug - Classic Gifts|x64.Build.0 = Debug|Any CPU
		{31EA6A06-82A2-4E57-BAD3-263B88F4E047}.Debug - Classic Gifts|x86.ActiveCfg = Debug|Any CPU
		{31EA6A06-82A2-4E57-BAD3-263B88F4E047}.Debug - Classic Gifts|x86.Build.0 = Debug|Any CPU
		{31EA6A06-82A2-4E57-BAD3-263B88F4E047}.Debug (GO Service)|Any CPU.ActiveCfg = Debug|Any CPU
		{31EA6A06-82A2-4E57-BAD3-263B88F4E047}.Debug (GO Service)|Any CPU.Build.0 = Debug|Any CPU
		{31EA6A06-82A2-4E57-BAD3-263B88F4E047}.Debug (GO Service)|x64.ActiveCfg = Debug|Any CPU
		{31EA6A06-82A2-4E57-BAD3-263B88F4E047}.Debug (GO Service)|x64.Build.0 = Debug|Any CPU
		{31EA6A06-82A2-4E57-BAD3-263B88F4E047}.Debug (GO Service)|x86.ActiveCfg = Debug|Any CPU
		{31EA6A06-82A2-4E57-BAD3-263B88F4E047}.Debug (GO Service)|x86.Build.0 = Debug|Any CPU
		{31EA6A06-82A2-4E57-BAD3-263B88F4E047}.Debug (GO)|Any CPU.ActiveCfg = Debug|Any CPU
		{31EA6A06-82A2-4E57-BAD3-263B88F4E047}.Debug (GO)|Any CPU.Build.0 = Debug|Any CPU
		{31EA6A06-82A2-4E57-BAD3-263B88F4E047}.Debug (GO)|x64.ActiveCfg = Debug|Any CPU
		{31EA6A06-82A2-4E57-BAD3-263B88F4E047}.Debug (GO)|x64.Build.0 = Debug|Any CPU
		{31EA6A06-82A2-4E57-BAD3-263B88F4E047}.Debug (GO)|x86.ActiveCfg = Debug|Any CPU
		{31EA6A06-82A2-4E57-BAD3-263B88F4E047}.Debug (GO)|x86.Build.0 = Debug|Any CPU
		{31EA6A06-82A2-4E57-BAD3-263B88F4E047}.Debug|Any CPU.ActiveCfg = Debug|Any CPU
		{31EA6A06-82A2-4E57-BAD3-263B88F4E047}.Debug|Any CPU.Build.0 = Debug|Any CPU
		{31EA6A06-82A2-4E57-BAD3-263B88F4E047}.Debug|x64.ActiveCfg = Debug|Any CPU
		{31EA6A06-82A2-4E57-BAD3-263B88F4E047}.Debug|x64.Build.0 = Debug|Any CPU
		{31EA6A06-82A2-4E57-BAD3-263B88F4E047}.Debug|x86.ActiveCfg = Debug|Any CPU
		{31EA6A06-82A2-4E57-BAD3-263B88F4E047}.Debug|x86.Build.0 = Debug|Any CPU
		{31EA6A06-82A2-4E57-BAD3-263B88F4E047}.Release - Classic Gifts|Any CPU.ActiveCfg = Release|Any CPU
		{31EA6A06-82A2-4E57-BAD3-263B88F4E047}.Release - Classic Gifts|Any CPU.Build.0 = Release|Any CPU
		{31EA6A06-82A2-4E57-BAD3-263B88F4E047}.Release - Classic Gifts|x64.ActiveCfg = Release|Any CPU
		{31EA6A06-82A2-4E57-BAD3-263B88F4E047}.Release - Classic Gifts|x64.Build.0 = Release|Any CPU
		{31EA6A06-82A2-4E57-BAD3-263B88F4E047}.Release - Classic Gifts|x86.ActiveCfg = Release|Any CPU
		{31EA6A06-82A2-4E57-BAD3-263B88F4E047}.Release - Classic Gifts|x86.Build.0 = Release|Any CPU
		{31EA6A06-82A2-4E57-BAD3-263B88F4E047}.Release (GO)|Any CPU.ActiveCfg = Release|Any CPU
		{31EA6A06-82A2-4E57-BAD3-263B88F4E047}.Release (GO)|Any CPU.Build.0 = Release|Any CPU
		{31EA6A06-82A2-4E57-BAD3-263B88F4E047}.Release (GO)|x64.ActiveCfg = Release|Any CPU
		{31EA6A06-82A2-4E57-BAD3-263B88F4E047}.Release (GO)|x64.Build.0 = Release|Any CPU
		{31EA6A06-82A2-4E57-BAD3-263B88F4E047}.Release (GO)|x86.ActiveCfg = Release|Any CPU
		{31EA6A06-82A2-4E57-BAD3-263B88F4E047}.Release (GO)|x86.Build.0 = Release|Any CPU
		{31EA6A06-82A2-4E57-BAD3-263B88F4E047}.Release|Any CPU.ActiveCfg = Release|Any CPU
		{31EA6A06-82A2-4E57-BAD3-263B88F4E047}.Release|Any CPU.Build.0 = Release|Any CPU
		{31EA6A06-82A2-4E57-BAD3-263B88F4E047}.Release|x64.ActiveCfg = Release|Any CPU
		{31EA6A06-82A2-4E57-BAD3-263B88F4E047}.Release|x64.Build.0 = Release|Any CPU
		{31EA6A06-82A2-4E57-BAD3-263B88F4E047}.Release|x86.ActiveCfg = Release|Any CPU
		{31EA6A06-82A2-4E57-BAD3-263B88F4E047}.Release|x86.Build.0 = Release|Any CPU
		{31EA6A06-82A2-4E57-BAD3-263B88F4E047}.Trace|Any CPU.ActiveCfg = Release|Any CPU
		{31EA6A06-82A2-4E57-BAD3-263B88F4E047}.Trace|Any CPU.Build.0 = Release|Any CPU
		{31EA6A06-82A2-4E57-BAD3-263B88F4E047}.Trace|x64.ActiveCfg = Release|Any CPU
		{31EA6A06-82A2-4E57-BAD3-263B88F4E047}.Trace|x64.Build.0 = Release|Any CPU
		{31EA6A06-82A2-4E57-BAD3-263B88F4E047}.Trace|x86.ActiveCfg = Release|Any CPU
		{31EA6A06-82A2-4E57-BAD3-263B88F4E047}.Trace|x86.Build.0 = Release|Any CPU
		{C3A3973C-7820-4A82-BAF2-C46DF5D1C187}.Debug - Classic Gifts|Any CPU.ActiveCfg = Debug|Any CPU
		{C3A3973C-7820-4A82-BAF2-C46DF5D1C187}.Debug - Classic Gifts|Any CPU.Build.0 = Debug|Any CPU
		{C3A3973C-7820-4A82-BAF2-C46DF5D1C187}.Debug - Classic Gifts|x64.ActiveCfg = Debug|Any CPU
		{C3A3973C-7820-4A82-BAF2-C46DF5D1C187}.Debug - Classic Gifts|x64.Build.0 = Debug|Any CPU
		{C3A3973C-7820-4A82-BAF2-C46DF5D1C187}.Debug - Classic Gifts|x86.ActiveCfg = Debug|Any CPU
		{C3A3973C-7820-4A82-BAF2-C46DF5D1C187}.Debug - Classic Gifts|x86.Build.0 = Debug|Any CPU
		{C3A3973C-7820-4A82-BAF2-C46DF5D1C187}.Debug (GO Service)|Any CPU.ActiveCfg = Debug|Any CPU
		{C3A3973C-7820-4A82-BAF2-C46DF5D1C187}.Debug (GO Service)|Any CPU.Build.0 = Debug|Any CPU
		{C3A3973C-7820-4A82-BAF2-C46DF5D1C187}.Debug (GO Service)|x64.ActiveCfg = Debug|Any CPU
		{C3A3973C-7820-4A82-BAF2-C46DF5D1C187}.Debug (GO Service)|x64.Build.0 = Debug|Any CPU
		{C3A3973C-7820-4A82-BAF2-C46DF5D1C187}.Debug (GO Service)|x86.ActiveCfg = Debug|Any CPU
		{C3A3973C-7820-4A82-BAF2-C46DF5D1C187}.Debug (GO Service)|x86.Build.0 = Debug|Any CPU
		{C3A3973C-7820-4A82-BAF2-C46DF5D1C187}.Debug (GO)|Any CPU.ActiveCfg = Debug|Any CPU
		{C3A3973C-7820-4A82-BAF2-C46DF5D1C187}.Debug (GO)|Any CPU.Build.0 = Debug|Any CPU
		{C3A3973C-7820-4A82-BAF2-C46DF5D1C187}.Debug (GO)|x64.ActiveCfg = Debug|Any CPU
		{C3A3973C-7820-4A82-BAF2-C46DF5D1C187}.Debug (GO)|x64.Build.0 = Debug|Any CPU
		{C3A3973C-7820-4A82-BAF2-C46DF5D1C187}.Debug (GO)|x86.ActiveCfg = Debug|Any CPU
		{C3A3973C-7820-4A82-BAF2-C46DF5D1C187}.Debug (GO)|x86.Build.0 = Debug|Any CPU
		{C3A3973C-7820-4A82-BAF2-C46DF5D1C187}.Debug|Any CPU.ActiveCfg = Debug|Any CPU
		{C3A3973C-7820-4A82-BAF2-C46DF5D1C187}.Debug|Any CPU.Build.0 = Debug|Any CPU
		{C3A3973C-7820-4A82-BAF2-C46DF5D1C187}.Debug|x64.ActiveCfg = Debug|Any CPU
		{C3A3973C-7820-4A82-BAF2-C46DF5D1C187}.Debug|x64.Build.0 = Debug|Any CPU
		{C3A3973C-7820-4A82-BAF2-C46DF5D1C187}.Debug|x86.ActiveCfg = Debug|Any CPU
		{C3A3973C-7820-4A82-BAF2-C46DF5D1C187}.Debug|x86.Build.0 = Debug|Any CPU
		{C3A3973C-7820-4A82-BAF2-C46DF5D1C187}.Release - Classic Gifts|Any CPU.ActiveCfg = Release|Any CPU
		{C3A3973C-7820-4A82-BAF2-C46DF5D1C187}.Release - Classic Gifts|Any CPU.Build.0 = Release|Any CPU
		{C3A3973C-7820-4A82-BAF2-C46DF5D1C187}.Release - Classic Gifts|x64.ActiveCfg = Release|Any CPU
		{C3A3973C-7820-4A82-BAF2-C46DF5D1C187}.Release - Classic Gifts|x64.Build.0 = Release|Any CPU
		{C3A3973C-7820-4A82-BAF2-C46DF5D1C187}.Release - Classic Gifts|x86.ActiveCfg = Release|Any CPU
		{C3A3973C-7820-4A82-BAF2-C46DF5D1C187}.Release - Classic Gifts|x86.Build.0 = Release|Any CPU
		{C3A3973C-7820-4A82-BAF2-C46DF5D1C187}.Release (GO)|Any CPU.ActiveCfg = Release|Any CPU
		{C3A3973C-7820-4A82-BAF2-C46DF5D1C187}.Release (GO)|Any CPU.Build.0 = Release|Any CPU
		{C3A3973C-7820-4A82-BAF2-C46DF5D1C187}.Release (GO)|x64.ActiveCfg = Release|Any CPU
		{C3A3973C-7820-4A82-BAF2-C46DF5D1C187}.Release (GO)|x64.Build.0 = Release|Any CPU
		{C3A3973C-7820-4A82-BAF2-C46DF5D1C187}.Release (GO)|x86.ActiveCfg = Release|Any CPU
		{C3A3973C-7820-4A82-BAF2-C46DF5D1C187}.Release (GO)|x86.Build.0 = Release|Any CPU
		{C3A3973C-7820-4A82-BAF2-C46DF5D1C187}.Release|Any CPU.ActiveCfg = Release|Any CPU
		{C3A3973C-7820-4A82-BAF2-C46DF5D1C187}.Release|Any CPU.Build.0 = Release|Any CPU
		{C3A3973C-7820-4A82-BAF2-C46DF5D1C187}.Release|x64.ActiveCfg = Release|Any CPU
		{C3A3973C-7820-4A82-BAF2-C46DF5D1C187}.Release|x64.Build.0 = Release|Any CPU
		{C3A3973C-7820-4A82-BAF2-C46DF5D1C187}.Release|x86.ActiveCfg = Release|Any CPU
		{C3A3973C-7820-4A82-BAF2-C46DF5D1C187}.Release|x86.Build.0 = Release|Any CPU
		{C3A3973C-7820-4A82-BAF2-C46DF5D1C187}.Trace|Any CPU.ActiveCfg = Release|Any CPU
		{C3A3973C-7820-4A82-BAF2-C46DF5D1C187}.Trace|Any CPU.Build.0 = Release|Any CPU
		{C3A3973C-7820-4A82-BAF2-C46DF5D1C187}.Trace|x64.ActiveCfg = Release|Any CPU
		{C3A3973C-7820-4A82-BAF2-C46DF5D1C187}.Trace|x64.Build.0 = Release|Any CPU
		{C3A3973C-7820-4A82-BAF2-C46DF5D1C187}.Trace|x86.ActiveCfg = Release|Any CPU
		{C3A3973C-7820-4A82-BAF2-C46DF5D1C187}.Trace|x86.Build.0 = Release|Any CPU
		{7E4C1094-B458-43C7-8D35-C9A40A99EEB4}.Debug - Classic Gifts|Any CPU.ActiveCfg = Debug|Any CPU
		{7E4C1094-B458-43C7-8D35-C9A40A99EEB4}.Debug - Classic Gifts|Any CPU.Build.0 = Debug|Any CPU
		{7E4C1094-B458-43C7-8D35-C9A40A99EEB4}.Debug - Classic Gifts|x64.ActiveCfg = Debug|Any CPU
		{7E4C1094-B458-43C7-8D35-C9A40A99EEB4}.Debug - Classic Gifts|x64.Build.0 = Debug|Any CPU
		{7E4C1094-B458-43C7-8D35-C9A40A99EEB4}.Debug - Classic Gifts|x86.ActiveCfg = Debug|Any CPU
		{7E4C1094-B458-43C7-8D35-C9A40A99EEB4}.Debug - Classic Gifts|x86.Build.0 = Debug|Any CPU
		{7E4C1094-B458-43C7-8D35-C9A40A99EEB4}.Debug (GO Service)|Any CPU.ActiveCfg = Debug|Any CPU
		{7E4C1094-B458-43C7-8D35-C9A40A99EEB4}.Debug (GO Service)|Any CPU.Build.0 = Debug|Any CPU
		{7E4C1094-B458-43C7-8D35-C9A40A99EEB4}.Debug (GO Service)|x64.ActiveCfg = Debug|Any CPU
		{7E4C1094-B458-43C7-8D35-C9A40A99EEB4}.Debug (GO Service)|x64.Build.0 = Debug|Any CPU
		{7E4C1094-B458-43C7-8D35-C9A40A99EEB4}.Debug (GO Service)|x86.ActiveCfg = Debug|Any CPU
		{7E4C1094-B458-43C7-8D35-C9A40A99EEB4}.Debug (GO Service)|x86.Build.0 = Debug|Any CPU
		{7E4C1094-B458-43C7-8D35-C9A40A99EEB4}.Debug (GO)|Any CPU.ActiveCfg = Debug|Any CPU
		{7E4C1094-B458-43C7-8D35-C9A40A99EEB4}.Debug (GO)|Any CPU.Build.0 = Debug|Any CPU
		{7E4C1094-B458-43C7-8D35-C9A40A99EEB4}.Debug (GO)|x64.ActiveCfg = Debug|Any CPU
		{7E4C1094-B458-43C7-8D35-C9A40A99EEB4}.Debug (GO)|x64.Build.0 = Debug|Any CPU
		{7E4C1094-B458-43C7-8D35-C9A40A99EEB4}.Debug (GO)|x86.ActiveCfg = Debug|Any CPU
		{7E4C1094-B458-43C7-8D35-C9A40A99EEB4}.Debug (GO)|x86.Build.0 = Debug|Any CPU
		{7E4C1094-B458-43C7-8D35-C9A40A99EEB4}.Debug|Any CPU.ActiveCfg = Debug|Any CPU
		{7E4C1094-B458-43C7-8D35-C9A40A99EEB4}.Debug|Any CPU.Build.0 = Debug|Any CPU
		{7E4C1094-B458-43C7-8D35-C9A40A99EEB4}.Debug|x64.ActiveCfg = Debug|Any CPU
		{7E4C1094-B458-43C7-8D35-C9A40A99EEB4}.Debug|x64.Build.0 = Debug|Any CPU
		{7E4C1094-B458-43C7-8D35-C9A40A99EEB4}.Debug|x86.ActiveCfg = Debug|Any CPU
		{7E4C1094-B458-43C7-8D35-C9A40A99EEB4}.Debug|x86.Build.0 = Debug|Any CPU
		{7E4C1094-B458-43C7-8D35-C9A40A99EEB4}.Release - Classic Gifts|Any CPU.ActiveCfg = Release|Any CPU
		{7E4C1094-B458-43C7-8D35-C9A40A99EEB4}.Release - Classic Gifts|Any CPU.Build.0 = Release|Any CPU
		{7E4C1094-B458-43C7-8D35-C9A40A99EEB4}.Release - Classic Gifts|x64.ActiveCfg = Release|Any CPU
		{7E4C1094-B458-43C7-8D35-C9A40A99EEB4}.Release - Classic Gifts|x64.Build.0 = Release|Any CPU
		{7E4C1094-B458-43C7-8D35-C9A40A99EEB4}.Release - Classic Gifts|x86.ActiveCfg = Release|Any CPU
		{7E4C1094-B458-43C7-8D35-C9A40A99EEB4}.Release - Classic Gifts|x86.Build.0 = Release|Any CPU
		{7E4C1094-B458-43C7-8D35-C9A40A99EEB4}.Release (GO)|Any CPU.ActiveCfg = Release|Any CPU
		{7E4C1094-B458-43C7-8D35-C9A40A99EEB4}.Release (GO)|Any CPU.Build.0 = Release|Any CPU
		{7E4C1094-B458-43C7-8D35-C9A40A99EEB4}.Release (GO)|x64.ActiveCfg = Release|Any CPU
		{7E4C1094-B458-43C7-8D35-C9A40A99EEB4}.Release (GO)|x64.Build.0 = Release|Any CPU
		{7E4C1094-B458-43C7-8D35-C9A40A99EEB4}.Release (GO)|x86.ActiveCfg = Release|Any CPU
		{7E4C1094-B458-43C7-8D35-C9A40A99EEB4}.Release (GO)|x86.Build.0 = Release|Any CPU
		{7E4C1094-B458-43C7-8D35-C9A40A99EEB4}.Release|Any CPU.ActiveCfg = Release|Any CPU
		{7E4C1094-B458-43C7-8D35-C9A40A99EEB4}.Release|Any CPU.Build.0 = Release|Any CPU
		{7E4C1094-B458-43C7-8D35-C9A40A99EEB4}.Release|x64.ActiveCfg = Release|Any CPU
		{7E4C1094-B458-43C7-8D35-C9A40A99EEB4}.Release|x64.Build.0 = Release|Any CPU
		{7E4C1094-B458-43C7-8D35-C9A40A99EEB4}.Release|x86.ActiveCfg = Release|Any CPU
		{7E4C1094-B458-43C7-8D35-C9A40A99EEB4}.Release|x86.Build.0 = Release|Any CPU
		{7E4C1094-B458-43C7-8D35-C9A40A99EEB4}.Trace|Any CPU.ActiveCfg = Release|Any CPU
		{7E4C1094-B458-43C7-8D35-C9A40A99EEB4}.Trace|Any CPU.Build.0 = Release|Any CPU
		{7E4C1094-B458-43C7-8D35-C9A40A99EEB4}.Trace|x64.ActiveCfg = Release|Any CPU
		{7E4C1094-B458-43C7-8D35-C9A40A99EEB4}.Trace|x64.Build.0 = Release|Any CPU
		{7E4C1094-B458-43C7-8D35-C9A40A99EEB4}.Trace|x86.ActiveCfg = Release|Any CPU
		{7E4C1094-B458-43C7-8D35-C9A40A99EEB4}.Trace|x86.Build.0 = Release|Any CPU
		{7377C7B8-D301-473A-9BD4-2E2B24202149}.Debug - Classic Gifts|Any CPU.ActiveCfg = Debug|Any CPU
		{7377C7B8-D301-473A-9BD4-2E2B24202149}.Debug - Classic Gifts|Any CPU.Build.0 = Debug|Any CPU
		{7377C7B8-D301-473A-9BD4-2E2B24202149}.Debug - Classic Gifts|x64.ActiveCfg = Debug|Any CPU
		{7377C7B8-D301-473A-9BD4-2E2B24202149}.Debug - Classic Gifts|x64.Build.0 = Debug|Any CPU
		{7377C7B8-D301-473A-9BD4-2E2B24202149}.Debug - Classic Gifts|x86.ActiveCfg = Debug|Any CPU
		{7377C7B8-D301-473A-9BD4-2E2B24202149}.Debug - Classic Gifts|x86.Build.0 = Debug|Any CPU
		{7377C7B8-D301-473A-9BD4-2E2B24202149}.Debug (GO Service)|Any CPU.ActiveCfg = Debug|Any CPU
		{7377C7B8-D301-473A-9BD4-2E2B24202149}.Debug (GO Service)|Any CPU.Build.0 = Debug|Any CPU
		{7377C7B8-D301-473A-9BD4-2E2B24202149}.Debug (GO Service)|x64.ActiveCfg = Debug|Any CPU
		{7377C7B8-D301-473A-9BD4-2E2B24202149}.Debug (GO Service)|x64.Build.0 = Debug|Any CPU
		{7377C7B8-D301-473A-9BD4-2E2B24202149}.Debug (GO Service)|x86.ActiveCfg = Debug|Any CPU
		{7377C7B8-D301-473A-9BD4-2E2B24202149}.Debug (GO Service)|x86.Build.0 = Debug|Any CPU
		{7377C7B8-D301-473A-9BD4-2E2B24202149}.Debug (GO)|Any CPU.ActiveCfg = Debug|Any CPU
		{7377C7B8-D301-473A-9BD4-2E2B24202149}.Debug (GO)|Any CPU.Build.0 = Debug|Any CPU
		{7377C7B8-D301-473A-9BD4-2E2B24202149}.Debug (GO)|x64.ActiveCfg = Debug|Any CPU
		{7377C7B8-D301-473A-9BD4-2E2B24202149}.Debug (GO)|x64.Build.0 = Debug|Any CPU
		{7377C7B8-D301-473A-9BD4-2E2B24202149}.Debug (GO)|x86.ActiveCfg = Debug|Any CPU
		{7377C7B8-D301-473A-9BD4-2E2B24202149}.Debug (GO)|x86.Build.0 = Debug|Any CPU
		{7377C7B8-D301-473A-9BD4-2E2B24202149}.Debug|Any CPU.ActiveCfg = Debug|Any CPU
		{7377C7B8-D301-473A-9BD4-2E2B24202149}.Debug|Any CPU.Build.0 = Debug|Any CPU
		{7377C7B8-D301-473A-9BD4-2E2B24202149}.Debug|x64.ActiveCfg = Debug|Any CPU
		{7377C7B8-D301-473A-9BD4-2E2B24202149}.Debug|x64.Build.0 = Debug|Any CPU
		{7377C7B8-D301-473A-9BD4-2E2B24202149}.Debug|x86.ActiveCfg = Debug|Any CPU
		{7377C7B8-D301-473A-9BD4-2E2B24202149}.Debug|x86.Build.0 = Debug|Any CPU
		{7377C7B8-D301-473A-9BD4-2E2B24202149}.Release - Classic Gifts|Any CPU.ActiveCfg = Release|Any CPU
		{7377C7B8-D301-473A-9BD4-2E2B24202149}.Release - Classic Gifts|Any CPU.Build.0 = Release|Any CPU
		{7377C7B8-D301-473A-9BD4-2E2B24202149}.Release - Classic Gifts|x64.ActiveCfg = Release|Any CPU
		{7377C7B8-D301-473A-9BD4-2E2B24202149}.Release - Classic Gifts|x64.Build.0 = Release|Any CPU
		{7377C7B8-D301-473A-9BD4-2E2B24202149}.Release - Classic Gifts|x86.ActiveCfg = Release|Any CPU
		{7377C7B8-D301-473A-9BD4-2E2B24202149}.Release - Classic Gifts|x86.Build.0 = Release|Any CPU
		{7377C7B8-D301-473A-9BD4-2E2B24202149}.Release (GO)|Any CPU.ActiveCfg = Release|Any CPU
		{7377C7B8-D301-473A-9BD4-2E2B24202149}.Release (GO)|Any CPU.Build.0 = Release|Any CPU
		{7377C7B8-D301-473A-9BD4-2E2B24202149}.Release (GO)|x64.ActiveCfg = Release|Any CPU
		{7377C7B8-D301-473A-9BD4-2E2B24202149}.Release (GO)|x64.Build.0 = Release|Any CPU
		{7377C7B8-D301-473A-9BD4-2E2B24202149}.Release (GO)|x86.ActiveCfg = Release|Any CPU
		{7377C7B8-D301-473A-9BD4-2E2B24202149}.Release (GO)|x86.Build.0 = Release|Any CPU
		{7377C7B8-D301-473A-9BD4-2E2B24202149}.Release|Any CPU.ActiveCfg = Release|Any CPU
		{7377C7B8-D301-473A-9BD4-2E2B24202149}.Release|Any CPU.Build.0 = Release|Any CPU
		{7377C7B8-D301-473A-9BD4-2E2B24202149}.Release|x64.ActiveCfg = Release|Any CPU
		{7377C7B8-D301-473A-9BD4-2E2B24202149}.Release|x64.Build.0 = Release|Any CPU
		{7377C7B8-D301-473A-9BD4-2E2B24202149}.Release|x86.ActiveCfg = Release|Any CPU
		{7377C7B8-D301-473A-9BD4-2E2B24202149}.Release|x86.Build.0 = Release|Any CPU
		{7377C7B8-D301-473A-9BD4-2E2B24202149}.Trace|Any CPU.ActiveCfg = Release|Any CPU
		{7377C7B8-D301-473A-9BD4-2E2B24202149}.Trace|Any CPU.Build.0 = Release|Any CPU
		{7377C7B8-D301-473A-9BD4-2E2B24202149}.Trace|x64.ActiveCfg = Release|Any CPU
		{7377C7B8-D301-473A-9BD4-2E2B24202149}.Trace|x64.Build.0 = Release|Any CPU
		{7377C7B8-D301-473A-9BD4-2E2B24202149}.Trace|x86.ActiveCfg = Release|Any CPU
		{7377C7B8-D301-473A-9BD4-2E2B24202149}.Trace|x86.Build.0 = Release|Any CPU
		{470A3FC7-81F5-4DBF-9D6F-2356C522FB25}.Debug - Classic Gifts|Any CPU.ActiveCfg = Debug|Any CPU
		{470A3FC7-81F5-4DBF-9D6F-2356C522FB25}.Debug - Classic Gifts|Any CPU.Build.0 = Debug|Any CPU
		{470A3FC7-81F5-4DBF-9D6F-2356C522FB25}.Debug - Classic Gifts|x64.ActiveCfg = Debug|Any CPU
		{470A3FC7-81F5-4DBF-9D6F-2356C522FB25}.Debug - Classic Gifts|x64.Build.0 = Debug|Any CPU
		{470A3FC7-81F5-4DBF-9D6F-2356C522FB25}.Debug - Classic Gifts|x86.ActiveCfg = Debug|Any CPU
		{470A3FC7-81F5-4DBF-9D6F-2356C522FB25}.Debug - Classic Gifts|x86.Build.0 = Debug|Any CPU
		{470A3FC7-81F5-4DBF-9D6F-2356C522FB25}.Debug (GO Service)|Any CPU.ActiveCfg = Debug|Any CPU
		{470A3FC7-81F5-4DBF-9D6F-2356C522FB25}.Debug (GO Service)|Any CPU.Build.0 = Debug|Any CPU
		{470A3FC7-81F5-4DBF-9D6F-2356C522FB25}.Debug (GO Service)|x64.ActiveCfg = Debug|Any CPU
		{470A3FC7-81F5-4DBF-9D6F-2356C522FB25}.Debug (GO Service)|x64.Build.0 = Debug|Any CPU
		{470A3FC7-81F5-4DBF-9D6F-2356C522FB25}.Debug (GO Service)|x86.ActiveCfg = Debug|Any CPU
		{470A3FC7-81F5-4DBF-9D6F-2356C522FB25}.Debug (GO Service)|x86.Build.0 = Debug|Any CPU
		{470A3FC7-81F5-4DBF-9D6F-2356C522FB25}.Debug (GO)|Any CPU.ActiveCfg = Debug|Any CPU
		{470A3FC7-81F5-4DBF-9D6F-2356C522FB25}.Debug (GO)|Any CPU.Build.0 = Debug|Any CPU
		{470A3FC7-81F5-4DBF-9D6F-2356C522FB25}.Debug (GO)|x64.ActiveCfg = Debug|Any CPU
		{470A3FC7-81F5-4DBF-9D6F-2356C522FB25}.Debug (GO)|x64.Build.0 = Debug|Any CPU
		{470A3FC7-81F5-4DBF-9D6F-2356C522FB25}.Debug (GO)|x86.ActiveCfg = Debug|Any CPU
		{470A3FC7-81F5-4DBF-9D6F-2356C522FB25}.Debug (GO)|x86.Build.0 = Debug|Any CPU
		{470A3FC7-81F5-4DBF-9D6F-2356C522FB25}.Debug|Any CPU.ActiveCfg = Debug|Any CPU
		{470A3FC7-81F5-4DBF-9D6F-2356C522FB25}.Debug|Any CPU.Build.0 = Debug|Any CPU
		{470A3FC7-81F5-4DBF-9D6F-2356C522FB25}.Debug|x64.ActiveCfg = Debug|Any CPU
		{470A3FC7-81F5-4DBF-9D6F-2356C522FB25}.Debug|x64.Build.0 = Debug|Any CPU
		{470A3FC7-81F5-4DBF-9D6F-2356C522FB25}.Debug|x86.ActiveCfg = Debug|Any CPU
		{470A3FC7-81F5-4DBF-9D6F-2356C522FB25}.Debug|x86.Build.0 = Debug|Any CPU
		{470A3FC7-81F5-4DBF-9D6F-2356C522FB25}.Release - Classic Gifts|Any CPU.ActiveCfg = Release|Any CPU
		{470A3FC7-81F5-4DBF-9D6F-2356C522FB25}.Release - Classic Gifts|Any CPU.Build.0 = Release|Any CPU
		{470A3FC7-81F5-4DBF-9D6F-2356C522FB25}.Release - Classic Gifts|x64.ActiveCfg = Release|Any CPU
		{470A3FC7-81F5-4DBF-9D6F-2356C522FB25}.Release - Classic Gifts|x64.Build.0 = Release|Any CPU
		{470A3FC7-81F5-4DBF-9D6F-2356C522FB25}.Release - Classic Gifts|x86.ActiveCfg = Release|Any CPU
		{470A3FC7-81F5-4DBF-9D6F-2356C522FB25}.Release - Classic Gifts|x86.Build.0 = Release|Any CPU
		{470A3FC7-81F5-4DBF-9D6F-2356C522FB25}.Release (GO)|Any CPU.ActiveCfg = Release|Any CPU
		{470A3FC7-81F5-4DBF-9D6F-2356C522FB25}.Release (GO)|Any CPU.Build.0 = Release|Any CPU
		{470A3FC7-81F5-4DBF-9D6F-2356C522FB25}.Release (GO)|x64.ActiveCfg = Release|Any CPU
		{470A3FC7-81F5-4DBF-9D6F-2356C522FB25}.Release (GO)|x64.Build.0 = Release|Any CPU
		{470A3FC7-81F5-4DBF-9D6F-2356C522FB25}.Release (GO)|x86.ActiveCfg = Release|Any CPU
		{470A3FC7-81F5-4DBF-9D6F-2356C522FB25}.Release (GO)|x86.Build.0 = Release|Any CPU
		{470A3FC7-81F5-4DBF-9D6F-2356C522FB25}.Release|Any CPU.ActiveCfg = Release|Any CPU
		{470A3FC7-81F5-4DBF-9D6F-2356C522FB25}.Release|Any CPU.Build.0 = Release|Any CPU
		{470A3FC7-81F5-4DBF-9D6F-2356C522FB25}.Release|x64.ActiveCfg = Release|Any CPU
		{470A3FC7-81F5-4DBF-9D6F-2356C522FB25}.Release|x64.Build.0 = Release|Any CPU
		{470A3FC7-81F5-4DBF-9D6F-2356C522FB25}.Release|x86.ActiveCfg = Release|Any CPU
		{470A3FC7-81F5-4DBF-9D6F-2356C522FB25}.Release|x86.Build.0 = Release|Any CPU
		{470A3FC7-81F5-4DBF-9D6F-2356C522FB25}.Trace|Any CPU.ActiveCfg = Release|Any CPU
		{470A3FC7-81F5-4DBF-9D6F-2356C522FB25}.Trace|Any CPU.Build.0 = Release|Any CPU
		{470A3FC7-81F5-4DBF-9D6F-2356C522FB25}.Trace|x64.ActiveCfg = Release|Any CPU
		{470A3FC7-81F5-4DBF-9D6F-2356C522FB25}.Trace|x64.Build.0 = Release|Any CPU
		{470A3FC7-81F5-4DBF-9D6F-2356C522FB25}.Trace|x86.ActiveCfg = Release|Any CPU
		{470A3FC7-81F5-4DBF-9D6F-2356C522FB25}.Trace|x86.Build.0 = Release|Any CPU
		{A344469F-7A3D-49EC-A013-41AE228B82B1}.Debug - Classic Gifts|Any CPU.ActiveCfg = Debug|Any CPU
		{A344469F-7A3D-49EC-A013-41AE228B82B1}.Debug - Classic Gifts|Any CPU.Build.0 = Debug|Any CPU
		{A344469F-7A3D-49EC-A013-41AE228B82B1}.Debug - Classic Gifts|x64.ActiveCfg = Debug|Any CPU
		{A344469F-7A3D-49EC-A013-41AE228B82B1}.Debug - Classic Gifts|x64.Build.0 = Debug|Any CPU
		{A344469F-7A3D-49EC-A013-41AE228B82B1}.Debug - Classic Gifts|x86.ActiveCfg = Debug|Any CPU
		{A344469F-7A3D-49EC-A013-41AE228B82B1}.Debug - Classic Gifts|x86.Build.0 = Debug|Any CPU
		{A344469F-7A3D-49EC-A013-41AE228B82B1}.Debug (GO Service)|Any CPU.ActiveCfg = Debug|Any CPU
		{A344469F-7A3D-49EC-A013-41AE228B82B1}.Debug (GO Service)|Any CPU.Build.0 = Debug|Any CPU
		{A344469F-7A3D-49EC-A013-41AE228B82B1}.Debug (GO Service)|x64.ActiveCfg = Debug|Any CPU
		{A344469F-7A3D-49EC-A013-41AE228B82B1}.Debug (GO Service)|x64.Build.0 = Debug|Any CPU
		{A344469F-7A3D-49EC-A013-41AE228B82B1}.Debug (GO Service)|x86.ActiveCfg = Debug|Any CPU
		{A344469F-7A3D-49EC-A013-41AE228B82B1}.Debug (GO Service)|x86.Build.0 = Debug|Any CPU
		{A344469F-7A3D-49EC-A013-41AE228B82B1}.Debug (GO)|Any CPU.ActiveCfg = Debug|Any CPU
		{A344469F-7A3D-49EC-A013-41AE228B82B1}.Debug (GO)|Any CPU.Build.0 = Debug|Any CPU
		{A344469F-7A3D-49EC-A013-41AE228B82B1}.Debug (GO)|x64.ActiveCfg = Debug|Any CPU
		{A344469F-7A3D-49EC-A013-41AE228B82B1}.Debug (GO)|x64.Build.0 = Debug|Any CPU
		{A344469F-7A3D-49EC-A013-41AE228B82B1}.Debug (GO)|x86.ActiveCfg = Debug|Any CPU
		{A344469F-7A3D-49EC-A013-41AE228B82B1}.Debug (GO)|x86.Build.0 = Debug|Any CPU
		{A344469F-7A3D-49EC-A013-41AE228B82B1}.Debug|Any CPU.ActiveCfg = Debug|Any CPU
		{A344469F-7A3D-49EC-A013-41AE228B82B1}.Debug|Any CPU.Build.0 = Debug|Any CPU
		{A344469F-7A3D-49EC-A013-41AE228B82B1}.Debug|x64.ActiveCfg = Debug|Any CPU
		{A344469F-7A3D-49EC-A013-41AE228B82B1}.Debug|x64.Build.0 = Debug|Any CPU
		{A344469F-7A3D-49EC-A013-41AE228B82B1}.Debug|x86.ActiveCfg = Debug|Any CPU
		{A344469F-7A3D-49EC-A013-41AE228B82B1}.Debug|x86.Build.0 = Debug|Any CPU
		{A344469F-7A3D-49EC-A013-41AE228B82B1}.Release - Classic Gifts|Any CPU.ActiveCfg = Release|Any CPU
		{A344469F-7A3D-49EC-A013-41AE228B82B1}.Release - Classic Gifts|Any CPU.Build.0 = Release|Any CPU
		{A344469F-7A3D-49EC-A013-41AE228B82B1}.Release - Classic Gifts|x64.ActiveCfg = Release|Any CPU
		{A344469F-7A3D-49EC-A013-41AE228B82B1}.Release - Classic Gifts|x64.Build.0 = Release|Any CPU
		{A344469F-7A3D-49EC-A013-41AE228B82B1}.Release - Classic Gifts|x86.ActiveCfg = Release|Any CPU
		{A344469F-7A3D-49EC-A013-41AE228B82B1}.Release - Classic Gifts|x86.Build.0 = Release|Any CPU
		{A344469F-7A3D-49EC-A013-41AE228B82B1}.Release (GO)|Any CPU.ActiveCfg = Release|Any CPU
		{A344469F-7A3D-49EC-A013-41AE228B82B1}.Release (GO)|Any CPU.Build.0 = Release|Any CPU
		{A344469F-7A3D-49EC-A013-41AE228B82B1}.Release (GO)|x64.ActiveCfg = Release|Any CPU
		{A344469F-7A3D-49EC-A013-41AE228B82B1}.Release (GO)|x64.Build.0 = Release|Any CPU
		{A344469F-7A3D-49EC-A013-41AE228B82B1}.Release (GO)|x86.ActiveCfg = Release|Any CPU
		{A344469F-7A3D-49EC-A013-41AE228B82B1}.Release (GO)|x86.Build.0 = Release|Any CPU
		{A344469F-7A3D-49EC-A013-41AE228B82B1}.Release|Any CPU.ActiveCfg = Release|Any CPU
		{A344469F-7A3D-49EC-A013-41AE228B82B1}.Release|Any CPU.Build.0 = Release|Any CPU
		{A344469F-7A3D-49EC-A013-41AE228B82B1}.Release|x64.ActiveCfg = Release|Any CPU
		{A344469F-7A3D-49EC-A013-41AE228B82B1}.Release|x64.Build.0 = Release|Any CPU
		{A344469F-7A3D-49EC-A013-41AE228B82B1}.Release|x86.ActiveCfg = Release|Any CPU
		{A344469F-7A3D-49EC-A013-41AE228B82B1}.Release|x86.Build.0 = Release|Any CPU
		{A344469F-7A3D-49EC-A013-41AE228B82B1}.Trace|Any CPU.ActiveCfg = Release|Any CPU
		{A344469F-7A3D-49EC-A013-41AE228B82B1}.Trace|Any CPU.Build.0 = Release|Any CPU
		{A344469F-7A3D-49EC-A013-41AE228B82B1}.Trace|x64.ActiveCfg = Release|Any CPU
		{A344469F-7A3D-49EC-A013-41AE228B82B1}.Trace|x64.Build.0 = Release|Any CPU
		{A344469F-7A3D-49EC-A013-41AE228B82B1}.Trace|x86.ActiveCfg = Release|Any CPU
		{A344469F-7A3D-49EC-A013-41AE228B82B1}.Trace|x86.Build.0 = Release|Any CPU
		{A7142AB4-61F5-4268-93CE-D3845133341F}.Debug - Classic Gifts|Any CPU.ActiveCfg = Debug|Any CPU
		{A7142AB4-61F5-4268-93CE-D3845133341F}.Debug - Classic Gifts|Any CPU.Build.0 = Debug|Any CPU
		{A7142AB4-61F5-4268-93CE-D3845133341F}.Debug - Classic Gifts|x64.ActiveCfg = Debug|Any CPU
		{A7142AB4-61F5-4268-93CE-D3845133341F}.Debug - Classic Gifts|x64.Build.0 = Debug|Any CPU
		{A7142AB4-61F5-4268-93CE-D3845133341F}.Debug - Classic Gifts|x86.ActiveCfg = Debug|Any CPU
		{A7142AB4-61F5-4268-93CE-D3845133341F}.Debug - Classic Gifts|x86.Build.0 = Debug|Any CPU
		{A7142AB4-61F5-4268-93CE-D3845133341F}.Debug (GO Service)|Any CPU.ActiveCfg = Debug|Any CPU
		{A7142AB4-61F5-4268-93CE-D3845133341F}.Debug (GO Service)|Any CPU.Build.0 = Debug|Any CPU
		{A7142AB4-61F5-4268-93CE-D3845133341F}.Debug (GO Service)|x64.ActiveCfg = Debug|Any CPU
		{A7142AB4-61F5-4268-93CE-D3845133341F}.Debug (GO Service)|x64.Build.0 = Debug|Any CPU
		{A7142AB4-61F5-4268-93CE-D3845133341F}.Debug (GO Service)|x86.ActiveCfg = Debug|Any CPU
		{A7142AB4-61F5-4268-93CE-D3845133341F}.Debug (GO Service)|x86.Build.0 = Debug|Any CPU
		{A7142AB4-61F5-4268-93CE-D3845133341F}.Debug (GO)|Any CPU.ActiveCfg = Debug|Any CPU
		{A7142AB4-61F5-4268-93CE-D3845133341F}.Debug (GO)|Any CPU.Build.0 = Debug|Any CPU
		{A7142AB4-61F5-4268-93CE-D3845133341F}.Debug (GO)|x64.ActiveCfg = Debug|Any CPU
		{A7142AB4-61F5-4268-93CE-D3845133341F}.Debug (GO)|x64.Build.0 = Debug|Any CPU
		{A7142AB4-61F5-4268-93CE-D3845133341F}.Debug (GO)|x86.ActiveCfg = Debug|Any CPU
		{A7142AB4-61F5-4268-93CE-D3845133341F}.Debug (GO)|x86.Build.0 = Debug|Any CPU
		{A7142AB4-61F5-4268-93CE-D3845133341F}.Debug|Any CPU.ActiveCfg = Debug|Any CPU
		{A7142AB4-61F5-4268-93CE-D3845133341F}.Debug|Any CPU.Build.0 = Debug|Any CPU
		{A7142AB4-61F5-4268-93CE-D3845133341F}.Debug|x64.ActiveCfg = Debug|Any CPU
		{A7142AB4-61F5-4268-93CE-D3845133341F}.Debug|x64.Build.0 = Debug|Any CPU
		{A7142AB4-61F5-4268-93CE-D3845133341F}.Debug|x86.ActiveCfg = Debug|Any CPU
		{A7142AB4-61F5-4268-93CE-D3845133341F}.Debug|x86.Build.0 = Debug|Any CPU
		{A7142AB4-61F5-4268-93CE-D3845133341F}.Release - Classic Gifts|Any CPU.ActiveCfg = Release|Any CPU
		{A7142AB4-61F5-4268-93CE-D3845133341F}.Release - Classic Gifts|Any CPU.Build.0 = Release|Any CPU
		{A7142AB4-61F5-4268-93CE-D3845133341F}.Release - Classic Gifts|x64.ActiveCfg = Release|Any CPU
		{A7142AB4-61F5-4268-93CE-D3845133341F}.Release - Classic Gifts|x64.Build.0 = Release|Any CPU
		{A7142AB4-61F5-4268-93CE-D3845133341F}.Release - Classic Gifts|x86.ActiveCfg = Release|Any CPU
		{A7142AB4-61F5-4268-93CE-D3845133341F}.Release - Classic Gifts|x86.Build.0 = Release|Any CPU
		{A7142AB4-61F5-4268-93CE-D3845133341F}.Release (GO)|Any CPU.ActiveCfg = Release|Any CPU
		{A7142AB4-61F5-4268-93CE-D3845133341F}.Release (GO)|Any CPU.Build.0 = Release|Any CPU
		{A7142AB4-61F5-4268-93CE-D3845133341F}.Release (GO)|x64.ActiveCfg = Release|Any CPU
		{A7142AB4-61F5-4268-93CE-D3845133341F}.Release (GO)|x64.Build.0 = Release|Any CPU
		{A7142AB4-61F5-4268-93CE-D3845133341F}.Release (GO)|x86.ActiveCfg = Release|Any CPU
		{A7142AB4-61F5-4268-93CE-D3845133341F}.Release (GO)|x86.Build.0 = Release|Any CPU
		{A7142AB4-61F5-4268-93CE-D3845133341F}.Release|Any CPU.ActiveCfg = Release|Any CPU
		{A7142AB4-61F5-4268-93CE-D3845133341F}.Release|Any CPU.Build.0 = Release|Any CPU
		{A7142AB4-61F5-4268-93CE-D3845133341F}.Release|x64.ActiveCfg = Release|Any CPU
		{A7142AB4-61F5-4268-93CE-D3845133341F}.Release|x64.Build.0 = Release|Any CPU
		{A7142AB4-61F5-4268-93CE-D3845133341F}.Release|x86.ActiveCfg = Release|Any CPU
		{A7142AB4-61F5-4268-93CE-D3845133341F}.Release|x86.Build.0 = Release|Any CPU
		{A7142AB4-61F5-4268-93CE-D3845133341F}.Trace|Any CPU.ActiveCfg = Release|Any CPU
		{A7142AB4-61F5-4268-93CE-D3845133341F}.Trace|Any CPU.Build.0 = Release|Any CPU
		{A7142AB4-61F5-4268-93CE-D3845133341F}.Trace|x64.ActiveCfg = Release|Any CPU
		{A7142AB4-61F5-4268-93CE-D3845133341F}.Trace|x64.Build.0 = Release|Any CPU
		{A7142AB4-61F5-4268-93CE-D3845133341F}.Trace|x86.ActiveCfg = Release|Any CPU
		{A7142AB4-61F5-4268-93CE-D3845133341F}.Trace|x86.Build.0 = Release|Any CPU
		{F507BD96-9901-4B81-BEE7-84438D2E429D}.Debug - Classic Gifts|Any CPU.ActiveCfg = Debug|Any CPU
		{F507BD96-9901-4B81-BEE7-84438D2E429D}.Debug - Classic Gifts|Any CPU.Build.0 = Debug|Any CPU
		{F507BD96-9901-4B81-BEE7-84438D2E429D}.Debug - Classic Gifts|x64.ActiveCfg = Debug|Any CPU
		{F507BD96-9901-4B81-BEE7-84438D2E429D}.Debug - Classic Gifts|x64.Build.0 = Debug|Any CPU
		{F507BD96-9901-4B81-BEE7-84438D2E429D}.Debug - Classic Gifts|x86.ActiveCfg = Debug|Any CPU
		{F507BD96-9901-4B81-BEE7-84438D2E429D}.Debug - Classic Gifts|x86.Build.0 = Debug|Any CPU
		{F507BD96-9901-4B81-BEE7-84438D2E429D}.Debug (GO Service)|Any CPU.ActiveCfg = Debug|Any CPU
		{F507BD96-9901-4B81-BEE7-84438D2E429D}.Debug (GO Service)|Any CPU.Build.0 = Debug|Any CPU
		{F507BD96-9901-4B81-BEE7-84438D2E429D}.Debug (GO Service)|x64.ActiveCfg = Debug|Any CPU
		{F507BD96-9901-4B81-BEE7-84438D2E429D}.Debug (GO Service)|x64.Build.0 = Debug|Any CPU
		{F507BD96-9901-4B81-BEE7-84438D2E429D}.Debug (GO Service)|x86.ActiveCfg = Debug|Any CPU
		{F507BD96-9901-4B81-BEE7-84438D2E429D}.Debug (GO Service)|x86.Build.0 = Debug|Any CPU
		{F507BD96-9901-4B81-BEE7-84438D2E429D}.Debug (GO)|Any CPU.ActiveCfg = Debug|Any CPU
		{F507BD96-9901-4B81-BEE7-84438D2E429D}.Debug (GO)|Any CPU.Build.0 = Debug|Any CPU
		{F507BD96-9901-4B81-BEE7-84438D2E429D}.Debug (GO)|x64.ActiveCfg = Debug|Any CPU
		{F507BD96-9901-4B81-BEE7-84438D2E429D}.Debug (GO)|x64.Build.0 = Debug|Any CPU
		{F507BD96-9901-4B81-BEE7-84438D2E429D}.Debug (GO)|x86.ActiveCfg = Debug|Any CPU
		{F507BD96-9901-4B81-BEE7-84438D2E429D}.Debug (GO)|x86.Build.0 = Debug|Any CPU
		{F507BD96-9901-4B81-BEE7-84438D2E429D}.Debug|Any CPU.ActiveCfg = Debug|Any CPU
		{F507BD96-9901-4B81-BEE7-84438D2E429D}.Debug|Any CPU.Build.0 = Debug|Any CPU
		{F507BD96-9901-4B81-BEE7-84438D2E429D}.Debug|x64.ActiveCfg = Debug|Any CPU
		{F507BD96-9901-4B81-BEE7-84438D2E429D}.Debug|x64.Build.0 = Debug|Any CPU
		{F507BD96-9901-4B81-BEE7-84438D2E429D}.Debug|x86.ActiveCfg = Debug|Any CPU
		{F507BD96-9901-4B81-BEE7-84438D2E429D}.Debug|x86.Build.0 = Debug|Any CPU
		{F507BD96-9901-4B81-BEE7-84438D2E429D}.Release - Classic Gifts|Any CPU.ActiveCfg = Release|Any CPU
		{F507BD96-9901-4B81-BEE7-84438D2E429D}.Release - Classic Gifts|Any CPU.Build.0 = Release|Any CPU
		{F507BD96-9901-4B81-BEE7-84438D2E429D}.Release - Classic Gifts|x64.ActiveCfg = Release|Any CPU
		{F507BD96-9901-4B81-BEE7-84438D2E429D}.Release - Classic Gifts|x64.Build.0 = Release|Any CPU
		{F507BD96-9901-4B81-BEE7-84438D2E429D}.Release - Classic Gifts|x86.ActiveCfg = Release|Any CPU
		{F507BD96-9901-4B81-BEE7-84438D2E429D}.Release - Classic Gifts|x86.Build.0 = Release|Any CPU
		{F507BD96-9901-4B81-BEE7-84438D2E429D}.Release (GO)|Any CPU.ActiveCfg = Release|Any CPU
		{F507BD96-9901-4B81-BEE7-84438D2E429D}.Release (GO)|Any CPU.Build.0 = Release|Any CPU
		{F507BD96-9901-4B81-BEE7-84438D2E429D}.Release (GO)|x64.ActiveCfg = Release|Any CPU
		{F507BD96-9901-4B81-BEE7-84438D2E429D}.Release (GO)|x64.Build.0 = Release|Any CPU
		{F507BD96-9901-4B81-BEE7-84438D2E429D}.Release (GO)|x86.ActiveCfg = Release|Any CPU
		{F507BD96-9901-4B81-BEE7-84438D2E429D}.Release (GO)|x86.Build.0 = Release|Any CPU
		{F507BD96-9901-4B81-BEE7-84438D2E429D}.Release|Any CPU.ActiveCfg = Release|Any CPU
		{F507BD96-9901-4B81-BEE7-84438D2E429D}.Release|Any CPU.Build.0 = Release|Any CPU
		{F507BD96-9901-4B81-BEE7-84438D2E429D}.Release|x64.ActiveCfg = Release|Any CPU
		{F507BD96-9901-4B81-BEE7-84438D2E429D}.Release|x64.Build.0 = Release|Any CPU
		{F507BD96-9901-4B81-BEE7-84438D2E429D}.Release|x86.ActiveCfg = Release|Any CPU
		{F507BD96-9901-4B81-BEE7-84438D2E429D}.Release|x86.Build.0 = Release|Any CPU
		{F507BD96-9901-4B81-BEE7-84438D2E429D}.Trace|Any CPU.ActiveCfg = Release|Any CPU
		{F507BD96-9901-4B81-BEE7-84438D2E429D}.Trace|Any CPU.Build.0 = Release|Any CPU
		{F507BD96-9901-4B81-BEE7-84438D2E429D}.Trace|x64.ActiveCfg = Release|Any CPU
		{F507BD96-9901-4B81-BEE7-84438D2E429D}.Trace|x64.Build.0 = Release|Any CPU
		{F507BD96-9901-4B81-BEE7-84438D2E429D}.Trace|x86.ActiveCfg = Release|Any CPU
		{F507BD96-9901-4B81-BEE7-84438D2E429D}.Trace|x86.Build.0 = Release|Any CPU
		{2068EBDD-79D6-49B4-9BDA-BF9A1F378627}.Debug - Classic Gifts|Any CPU.ActiveCfg = Debug - Classic Gifts|Any CPU
		{2068EBDD-79D6-49B4-9BDA-BF9A1F378627}.Debug - Classic Gifts|Any CPU.Build.0 = Debug - Classic Gifts|Any CPU
		{2068EBDD-79D6-49B4-9BDA-BF9A1F378627}.Debug - Classic Gifts|x64.ActiveCfg = Debug - Classic Gifts|x64
		{2068EBDD-79D6-49B4-9BDA-BF9A1F378627}.Debug - Classic Gifts|x64.Build.0 = Debug - Classic Gifts|x64
		{2068EBDD-79D6-49B4-9BDA-BF9A1F378627}.Debug - Classic Gifts|x86.ActiveCfg = Debug - Classic Gifts|x86
		{2068EBDD-79D6-49B4-9BDA-BF9A1F378627}.Debug - Classic Gifts|x86.Build.0 = Debug - Classic Gifts|x86
		{2068EBDD-79D6-49B4-9BDA-BF9A1F378627}.Debug (GO Service)|Any CPU.ActiveCfg = Debug (GO Service)|Any CPU
		{2068EBDD-79D6-49B4-9BDA-BF9A1F378627}.Debug (GO Service)|Any CPU.Build.0 = Debug (GO Service)|Any CPU
		{2068EBDD-79D6-49B4-9BDA-BF9A1F378627}.Debug (GO Service)|x64.ActiveCfg = Debug (GO Service)|x64
		{2068EBDD-79D6-49B4-9BDA-BF9A1F378627}.Debug (GO Service)|x64.Build.0 = Debug (GO Service)|x64
		{2068EBDD-79D6-49B4-9BDA-BF9A1F378627}.Debug (GO Service)|x86.ActiveCfg = Debug (GO Service)|x86
		{2068EBDD-79D6-49B4-9BDA-BF9A1F378627}.Debug (GO Service)|x86.Build.0 = Debug (GO Service)|x86
		{2068EBDD-79D6-49B4-9BDA-BF9A1F378627}.Debug (GO)|Any CPU.ActiveCfg = Debug (GO)|Any CPU
		{2068EBDD-79D6-49B4-9BDA-BF9A1F378627}.Debug (GO)|Any CPU.Build.0 = Debug (GO)|Any CPU
		{2068EBDD-79D6-49B4-9BDA-BF9A1F378627}.Debug (GO)|x64.ActiveCfg = Debug (GO)|x64
		{2068EBDD-79D6-49B4-9BDA-BF9A1F378627}.Debug (GO)|x64.Build.0 = Debug (GO)|x64
		{2068EBDD-79D6-49B4-9BDA-BF9A1F378627}.Debug (GO)|x86.ActiveCfg = Debug (GO)|x86
		{2068EBDD-79D6-49B4-9BDA-BF9A1F378627}.Debug (GO)|x86.Build.0 = Debug (GO)|x86
		{2068EBDD-79D6-49B4-9BDA-BF9A1F378627}.Debug|Any CPU.ActiveCfg = Debug|Any CPU
		{2068EBDD-79D6-49B4-9BDA-BF9A1F378627}.Debug|Any CPU.Build.0 = Debug|Any CPU
		{2068EBDD-79D6-49B4-9BDA-BF9A1F378627}.Debug|x64.ActiveCfg = Debug|x64
		{2068EBDD-79D6-49B4-9BDA-BF9A1F378627}.Debug|x64.Build.0 = Debug|x64
		{2068EBDD-79D6-49B4-9BDA-BF9A1F378627}.Debug|x86.ActiveCfg = Debug|x86
		{2068EBDD-79D6-49B4-9BDA-BF9A1F378627}.Debug|x86.Build.0 = Debug|x86
		{2068EBDD-79D6-49B4-9BDA-BF9A1F378627}.Release - Classic Gifts|Any CPU.ActiveCfg = Release - Classic Gifts|Any CPU
		{2068EBDD-79D6-49B4-9BDA-BF9A1F378627}.Release - Classic Gifts|Any CPU.Build.0 = Release - Classic Gifts|Any CPU
		{2068EBDD-79D6-49B4-9BDA-BF9A1F378627}.Release - Classic Gifts|x64.ActiveCfg = Release - Classic Gifts|x64
		{2068EBDD-79D6-49B4-9BDA-BF9A1F378627}.Release - Classic Gifts|x64.Build.0 = Release - Classic Gifts|x64
		{2068EBDD-79D6-49B4-9BDA-BF9A1F378627}.Release - Classic Gifts|x86.ActiveCfg = Release - Classic Gifts|x86
		{2068EBDD-79D6-49B4-9BDA-BF9A1F378627}.Release - Classic Gifts|x86.Build.0 = Release - Classic Gifts|x86
		{2068EBDD-79D6-49B4-9BDA-BF9A1F378627}.Release (GO)|Any CPU.ActiveCfg = Release (GO)|Any CPU
		{2068EBDD-79D6-49B4-9BDA-BF9A1F378627}.Release (GO)|Any CPU.Build.0 = Release (GO)|Any CPU
		{2068EBDD-79D6-49B4-9BDA-BF9A1F378627}.Release (GO)|x64.ActiveCfg = Release (GO)|x64
		{2068EBDD-79D6-49B4-9BDA-BF9A1F378627}.Release (GO)|x64.Build.0 = Release (GO)|x64
		{2068EBDD-79D6-49B4-9BDA-BF9A1F378627}.Release (GO)|x86.ActiveCfg = Release (GO)|x86
		{2068EBDD-79D6-49B4-9BDA-BF9A1F378627}.Release (GO)|x86.Build.0 = Release (GO)|x86
		{2068EBDD-79D6-49B4-9BDA-BF9A1F378627}.Release|Any CPU.ActiveCfg = Release|Any CPU
		{2068EBDD-79D6-49B4-9BDA-BF9A1F378627}.Release|Any CPU.Build.0 = Release|Any CPU
		{2068EBDD-79D6-49B4-9BDA-BF9A1F378627}.Release|x64.ActiveCfg = Release|x64
		{2068EBDD-79D6-49B4-9BDA-BF9A1F378627}.Release|x64.Build.0 = Release|x64
		{2068EBDD-79D6-49B4-9BDA-BF9A1F378627}.Release|x86.ActiveCfg = Release|x86
		{2068EBDD-79D6-49B4-9BDA-BF9A1F378627}.Release|x86.Build.0 = Release|x86
		{2068EBDD-79D6-49B4-9BDA-BF9A1F378627}.Trace|Any CPU.ActiveCfg = Trace|Any CPU
		{2068EBDD-79D6-49B4-9BDA-BF9A1F378627}.Trace|Any CPU.Build.0 = Trace|Any CPU
		{2068EBDD-79D6-49B4-9BDA-BF9A1F378627}.Trace|x64.ActiveCfg = Trace|x64
		{2068EBDD-79D6-49B4-9BDA-BF9A1F378627}.Trace|x64.Build.0 = Trace|x64
		{2068EBDD-79D6-49B4-9BDA-BF9A1F378627}.Trace|x86.ActiveCfg = Trace|x86
		{2068EBDD-79D6-49B4-9BDA-BF9A1F378627}.Trace|x86.Build.0 = Trace|x86
		{B9046B74-A6C9-4DC2-870B-E62B2ED4ECD8}.Debug - Classic Gifts|Any CPU.ActiveCfg = Debug - Classic Gifts|Any CPU
		{B9046B74-A6C9-4DC2-870B-E62B2ED4ECD8}.Debug - Classic Gifts|Any CPU.Build.0 = Debug - Classic Gifts|Any CPU
		{B9046B74-A6C9-4DC2-870B-E62B2ED4ECD8}.Debug - Classic Gifts|x64.ActiveCfg = Debug - Classic Gifts|x64
		{B9046B74-A6C9-4DC2-870B-E62B2ED4ECD8}.Debug - Classic Gifts|x64.Build.0 = Debug - Classic Gifts|x64
		{B9046B74-A6C9-4DC2-870B-E62B2ED4ECD8}.Debug - Classic Gifts|x86.ActiveCfg = Debug - Classic Gifts|x86
		{B9046B74-A6C9-4DC2-870B-E62B2ED4ECD8}.Debug - Classic Gifts|x86.Build.0 = Debug - Classic Gifts|x86
		{B9046B74-A6C9-4DC2-870B-E62B2ED4ECD8}.Debug (GO Service)|Any CPU.ActiveCfg = Debug (GO Service)|Any CPU
		{B9046B74-A6C9-4DC2-870B-E62B2ED4ECD8}.Debug (GO Service)|Any CPU.Build.0 = Debug (GO Service)|Any CPU
		{B9046B74-A6C9-4DC2-870B-E62B2ED4ECD8}.Debug (GO Service)|x64.ActiveCfg = Debug (GO Service)|x64
		{B9046B74-A6C9-4DC2-870B-E62B2ED4ECD8}.Debug (GO Service)|x64.Build.0 = Debug (GO Service)|x64
		{B9046B74-A6C9-4DC2-870B-E62B2ED4ECD8}.Debug (GO Service)|x86.ActiveCfg = Debug (GO Service)|x86
		{B9046B74-A6C9-4DC2-870B-E62B2ED4ECD8}.Debug (GO Service)|x86.Build.0 = Debug (GO Service)|x86
		{B9046B74-A6C9-4DC2-870B-E62B2ED4ECD8}.Debug (GO)|Any CPU.ActiveCfg = Debug (GO)|Any CPU
		{B9046B74-A6C9-4DC2-870B-E62B2ED4ECD8}.Debug (GO)|Any CPU.Build.0 = Debug (GO)|Any CPU
		{B9046B74-A6C9-4DC2-870B-E62B2ED4ECD8}.Debug (GO)|x64.ActiveCfg = Debug (GO)|x64
		{B9046B74-A6C9-4DC2-870B-E62B2ED4ECD8}.Debug (GO)|x64.Build.0 = Debug (GO)|x64
		{B9046B74-A6C9-4DC2-870B-E62B2ED4ECD8}.Debug (GO)|x86.ActiveCfg = Debug (GO)|x86
		{B9046B74-A6C9-4DC2-870B-E62B2ED4ECD8}.Debug (GO)|x86.Build.0 = Debug (GO)|x86
		{B9046B74-A6C9-4DC2-870B-E62B2ED4ECD8}.Debug|Any CPU.ActiveCfg = Debug|Any CPU
		{B9046B74-A6C9-4DC2-870B-E62B2ED4ECD8}.Debug|Any CPU.Build.0 = Debug|Any CPU
		{B9046B74-A6C9-4DC2-870B-E62B2ED4ECD8}.Debug|x64.ActiveCfg = Debug|x64
		{B9046B74-A6C9-4DC2-870B-E62B2ED4ECD8}.Debug|x64.Build.0 = Debug|x64
		{B9046B74-A6C9-4DC2-870B-E62B2ED4ECD8}.Debug|x86.ActiveCfg = Debug|x86
		{B9046B74-A6C9-4DC2-870B-E62B2ED4ECD8}.Debug|x86.Build.0 = Debug|x86
		{B9046B74-A6C9-4DC2-870B-E62B2ED4ECD8}.Release - Classic Gifts|Any CPU.ActiveCfg = Release - Classic Gifts|Any CPU
		{B9046B74-A6C9-4DC2-870B-E62B2ED4ECD8}.Release - Classic Gifts|Any CPU.Build.0 = Release - Classic Gifts|Any CPU
		{B9046B74-A6C9-4DC2-870B-E62B2ED4ECD8}.Release - Classic Gifts|x64.ActiveCfg = Release - Classic Gifts|x64
		{B9046B74-A6C9-4DC2-870B-E62B2ED4ECD8}.Release - Classic Gifts|x64.Build.0 = Release - Classic Gifts|x64
		{B9046B74-A6C9-4DC2-870B-E62B2ED4ECD8}.Release - Classic Gifts|x86.ActiveCfg = Release - Classic Gifts|x86
		{B9046B74-A6C9-4DC2-870B-E62B2ED4ECD8}.Release - Classic Gifts|x86.Build.0 = Release - Classic Gifts|x86
		{B9046B74-A6C9-4DC2-870B-E62B2ED4ECD8}.Release (GO)|Any CPU.ActiveCfg = Release (GO)|Any CPU
		{B9046B74-A6C9-4DC2-870B-E62B2ED4ECD8}.Release (GO)|Any CPU.Build.0 = Release (GO)|Any CPU
		{B9046B74-A6C9-4DC2-870B-E62B2ED4ECD8}.Release (GO)|x64.ActiveCfg = Release (GO)|x64
		{B9046B74-A6C9-4DC2-870B-E62B2ED4ECD8}.Release (GO)|x64.Build.0 = Release (GO)|x64
		{B9046B74-A6C9-4DC2-870B-E62B2ED4ECD8}.Release (GO)|x86.ActiveCfg = Release (GO)|x86
		{B9046B74-A6C9-4DC2-870B-E62B2ED4ECD8}.Release (GO)|x86.Build.0 = Release (GO)|x86
		{B9046B74-A6C9-4DC2-870B-E62B2ED4ECD8}.Release|Any CPU.ActiveCfg = Release|Any CPU
		{B9046B74-A6C9-4DC2-870B-E62B2ED4ECD8}.Release|Any CPU.Build.0 = Release|Any CPU
		{B9046B74-A6C9-4DC2-870B-E62B2ED4ECD8}.Release|x64.ActiveCfg = Release|x64
		{B9046B74-A6C9-4DC2-870B-E62B2ED4ECD8}.Release|x64.Build.0 = Release|x64
		{B9046B74-A6C9-4DC2-870B-E62B2ED4ECD8}.Release|x86.ActiveCfg = Release|x86
		{B9046B74-A6C9-4DC2-870B-E62B2ED4ECD8}.Release|x86.Build.0 = Release|x86
		{B9046B74-A6C9-4DC2-870B-E62B2ED4ECD8}.Trace|Any CPU.ActiveCfg = Trace|Any CPU
		{B9046B74-A6C9-4DC2-870B-E62B2ED4ECD8}.Trace|Any CPU.Build.0 = Trace|Any CPU
		{B9046B74-A6C9-4DC2-870B-E62B2ED4ECD8}.Trace|x64.ActiveCfg = Trace|x64
		{B9046B74-A6C9-4DC2-870B-E62B2ED4ECD8}.Trace|x64.Build.0 = Trace|x64
		{B9046B74-A6C9-4DC2-870B-E62B2ED4ECD8}.Trace|x86.ActiveCfg = Trace|x86
		{B9046B74-A6C9-4DC2-870B-E62B2ED4ECD8}.Trace|x86.Build.0 = Trace|x86
	EndGlobalSection
	GlobalSection(SolutionProperties) = preSolution
		HideSolutionNode = FALSE
	EndGlobalSection
EndGlobal
